// !$*UTF8*$!
{
	archiveVersion = 1;
	classes = {
	};
	objectVersion = 60;
	objects = {

/* Begin PBXBuildFile section */
		E62F905B2A7D757200E53638 /* MyFirstMacro in Frameworks */ = {isa = PBXBuildFile; productRef = E62F905A2A7D757200E53638 /* MyFirstMacro */; };
		E62F905E2A7D766C00E53638 /* MyFirstMacro in Frameworks */ = {isa = PBXBuildFile; productRef = E62F905D2A7D766C00E53638 /* MyFirstMacro */; };
		E672A3A32AB4B1A300F106F3 /* Folder_Model.swift in Sources */ = {isa = PBXBuildFile; fileRef = E672A3A22AB4B1A300F106F3 /* Folder_Model.swift */; };
		E672A3A72AB4C09200F106F3 /* FolderDetail_View.swift in Sources */ = {isa = PBXBuildFile; fileRef = E672A3A62AB4C09200F106F3 /* FolderDetail_View.swift */; };
		E6AD9CF42A7AB0060017FBD8 /* CatTipsApp.swift in Sources */ = {isa = PBXBuildFile; fileRef = E6AD9CF32A7AB0060017FBD8 /* CatTipsApp.swift */; };
		E6AD9CF62A7AB0060017FBD8 /* MainView.swift in Sources */ = {isa = PBXBuildFile; fileRef = E6AD9CF52A7AB0060017FBD8 /* MainView.swift */; };
		E6AD9CF82A7AB0070017FBD8 /* Assets.xcassets in Resources */ = {isa = PBXBuildFile; fileRef = E6AD9CF72A7AB0070017FBD8 /* Assets.xcassets */; };
		E6AD9CFC2A7AB0070017FBD8 /* Preview Assets.xcassets in Resources */ = {isa = PBXBuildFile; fileRef = E6AD9CFB2A7AB0070017FBD8 /* Preview Assets.xcassets */; };
		E6AD9D062A7AB0070017FBD8 /* CatTipsTests.swift in Sources */ = {isa = PBXBuildFile; fileRef = E6AD9D052A7AB0070017FBD8 /* CatTipsTests.swift */; };
		E6AD9D102A7AB0070017FBD8 /* CatTipsUITests.swift in Sources */ = {isa = PBXBuildFile; fileRef = E6AD9D0F2A7AB0070017FBD8 /* CatTipsUITests.swift */; };
		E6AD9D122A7AB0070017FBD8 /* CatTipsUITestsLaunchTests.swift in Sources */ = {isa = PBXBuildFile; fileRef = E6AD9D112A7AB0070017FBD8 /* CatTipsUITestsLaunchTests.swift */; };
		E6AD9D262A7ABD780017FBD8 /* DataConnector.swift in Sources */ = {isa = PBXBuildFile; fileRef = E6AD9D252A7ABD780017FBD8 /* DataConnector.swift */; };
		E6AD9D282A7ABE080017FBD8 /* CatsTip_Model.swift in Sources */ = {isa = PBXBuildFile; fileRef = E6AD9D272A7ABE080017FBD8 /* CatsTip_Model.swift */; };
		E6AD9D2A2A7ABF040017FBD8 /* GetNewTip_Interactor.swift in Sources */ = {isa = PBXBuildFile; fileRef = E6AD9D292A7ABF040017FBD8 /* GetNewTip_Interactor.swift */; };
		E6AD9D2C2A7AC03E0017FBD8 /* CatsTip_ViewModel.swift in Sources */ = {isa = PBXBuildFile; fileRef = E6AD9D2B2A7AC03E0017FBD8 /* CatsTip_ViewModel.swift */; };
		E6AD9D2E2A7AC3EA0017FBD8 /* CatsTip_Controller.swift in Sources */ = {isa = PBXBuildFile; fileRef = E6AD9D2D2A7AC3EA0017FBD8 /* CatsTip_Controller.swift */; };
		E6AD9D302A7AFB800017FBD8 /* CatsTip_View.swift in Sources */ = {isa = PBXBuildFile; fileRef = E6AD9D2F2A7AFB800017FBD8 /* CatsTip_View.swift */; };
		E6D1949E2A7C184A005A629E /* CatsTipsFavorites_View.swift in Sources */ = {isa = PBXBuildFile; fileRef = E6D1949D2A7C184A005A629E /* CatsTipsFavorites_View.swift */; };
		E6DCF2C02A98F25000BEA499 /* FavoriteCatsTip_View.swift in Sources */ = {isa = PBXBuildFile; fileRef = E6DCF2BF2A98F25000BEA499 /* FavoriteCatsTip_View.swift */; };
/* End PBXBuildFile section */

/* Begin PBXContainerItemProxy section */
		E6AD9D022A7AB0070017FBD8 /* PBXContainerItemProxy */ = {
			isa = PBXContainerItemProxy;
			containerPortal = E6AD9CE82A7AB0060017FBD8 /* Project object */;
			proxyType = 1;
			remoteGlobalIDString = E6AD9CEF2A7AB0060017FBD8;
			remoteInfo = CatTips;
		};
		E6AD9D0C2A7AB0070017FBD8 /* PBXContainerItemProxy */ = {
			isa = PBXContainerItemProxy;
			containerPortal = E6AD9CE82A7AB0060017FBD8 /* Project object */;
			proxyType = 1;
			remoteGlobalIDString = E6AD9CEF2A7AB0060017FBD8;
			remoteInfo = CatTips;
		};
/* End PBXContainerItemProxy section */

/* Begin PBXFileReference section */
		E631F7FF2A98E25C00E4E375 /* SwiftData.framework */ = {isa = PBXFileReference; lastKnownFileType = wrapper.framework; name = SwiftData.framework; path = Platforms/iPhoneOS.platform/Developer/SDKs/iPhoneOS17.0.sdk/System/Library/Frameworks/SwiftData.framework; sourceTree = DEVELOPER_DIR; };
		E672A3A22AB4B1A300F106F3 /* Folder_Model.swift */ = {isa = PBXFileReference; lastKnownFileType = sourcecode.swift; path = Folder_Model.swift; sourceTree = "<group>"; };
		E672A3A62AB4C09200F106F3 /* FolderDetail_View.swift */ = {isa = PBXFileReference; lastKnownFileType = sourcecode.swift; path = FolderDetail_View.swift; sourceTree = "<group>"; };
		E6AD9CF02A7AB0060017FBD8 /* CatTips.app */ = {isa = PBXFileReference; explicitFileType = wrapper.application; includeInIndex = 0; path = CatTips.app; sourceTree = BUILT_PRODUCTS_DIR; };
		E6AD9CF32A7AB0060017FBD8 /* CatTipsApp.swift */ = {isa = PBXFileReference; lastKnownFileType = sourcecode.swift; path = CatTipsApp.swift; sourceTree = "<group>"; };
		E6AD9CF52A7AB0060017FBD8 /* MainView.swift */ = {isa = PBXFileReference; lastKnownFileType = sourcecode.swift; path = MainView.swift; sourceTree = "<group>"; };
		E6AD9CF72A7AB0070017FBD8 /* Assets.xcassets */ = {isa = PBXFileReference; lastKnownFileType = folder.assetcatalog; path = Assets.xcassets; sourceTree = "<group>"; };
		E6AD9CF92A7AB0070017FBD8 /* CatTips.entitlements */ = {isa = PBXFileReference; lastKnownFileType = text.plist.entitlements; path = CatTips.entitlements; sourceTree = "<group>"; };
		E6AD9CFB2A7AB0070017FBD8 /* Preview Assets.xcassets */ = {isa = PBXFileReference; lastKnownFileType = folder.assetcatalog; path = "Preview Assets.xcassets"; sourceTree = "<group>"; };
		E6AD9D012A7AB0070017FBD8 /* CatTipsTests.xctest */ = {isa = PBXFileReference; explicitFileType = wrapper.cfbundle; includeInIndex = 0; path = CatTipsTests.xctest; sourceTree = BUILT_PRODUCTS_DIR; };
		E6AD9D052A7AB0070017FBD8 /* CatTipsTests.swift */ = {isa = PBXFileReference; lastKnownFileType = sourcecode.swift; path = CatTipsTests.swift; sourceTree = "<group>"; };
		E6AD9D0B2A7AB0070017FBD8 /* CatTipsUITests.xctest */ = {isa = PBXFileReference; explicitFileType = wrapper.cfbundle; includeInIndex = 0; path = CatTipsUITests.xctest; sourceTree = BUILT_PRODUCTS_DIR; };
		E6AD9D0F2A7AB0070017FBD8 /* CatTipsUITests.swift */ = {isa = PBXFileReference; lastKnownFileType = sourcecode.swift; path = CatTipsUITests.swift; sourceTree = "<group>"; };
		E6AD9D112A7AB0070017FBD8 /* CatTipsUITestsLaunchTests.swift */ = {isa = PBXFileReference; lastKnownFileType = sourcecode.swift; path = CatTipsUITestsLaunchTests.swift; sourceTree = "<group>"; };
		E6AD9D252A7ABD780017FBD8 /* DataConnector.swift */ = {isa = PBXFileReference; lastKnownFileType = sourcecode.swift; path = DataConnector.swift; sourceTree = "<group>"; };
		E6AD9D272A7ABE080017FBD8 /* CatsTip_Model.swift */ = {isa = PBXFileReference; lastKnownFileType = sourcecode.swift; path = CatsTip_Model.swift; sourceTree = "<group>"; };
		E6AD9D292A7ABF040017FBD8 /* GetNewTip_Interactor.swift */ = {isa = PBXFileReference; lastKnownFileType = sourcecode.swift; path = GetNewTip_Interactor.swift; sourceTree = "<group>"; };
		E6AD9D2B2A7AC03E0017FBD8 /* CatsTip_ViewModel.swift */ = {isa = PBXFileReference; lastKnownFileType = sourcecode.swift; path = CatsTip_ViewModel.swift; sourceTree = "<group>"; };
		E6AD9D2D2A7AC3EA0017FBD8 /* CatsTip_Controller.swift */ = {isa = PBXFileReference; lastKnownFileType = sourcecode.swift; path = CatsTip_Controller.swift; sourceTree = "<group>"; };
		E6AD9D2F2A7AFB800017FBD8 /* CatsTip_View.swift */ = {isa = PBXFileReference; lastKnownFileType = sourcecode.swift; path = CatsTip_View.swift; sourceTree = "<group>"; };
		E6D1949D2A7C184A005A629E /* CatsTipsFavorites_View.swift */ = {isa = PBXFileReference; lastKnownFileType = sourcecode.swift; path = CatsTipsFavorites_View.swift; sourceTree = "<group>"; };
		E6DCF2BF2A98F25000BEA499 /* FavoriteCatsTip_View.swift */ = {isa = PBXFileReference; lastKnownFileType = sourcecode.swift; path = FavoriteCatsTip_View.swift; sourceTree = "<group>"; };
/* End PBXFileReference section */

/* Begin PBXFrameworksBuildPhase section */
		E6AD9CED2A7AB0060017FBD8 /* Frameworks */ = {
			isa = PBXFrameworksBuildPhase;
			buildActionMask = 2147483647;
			files = (
				E62F905E2A7D766C00E53638 /* MyFirstMacro in Frameworks */,
				E62F905B2A7D757200E53638 /* MyFirstMacro in Frameworks */,
			);
			runOnlyForDeploymentPostprocessing = 0;
		};
		E6AD9CFE2A7AB0070017FBD8 /* Frameworks */ = {
			isa = PBXFrameworksBuildPhase;
			buildActionMask = 2147483647;
			files = (
			);
			runOnlyForDeploymentPostprocessing = 0;
		};
		E6AD9D082A7AB0070017FBD8 /* Frameworks */ = {
			isa = PBXFrameworksBuildPhase;
			buildActionMask = 2147483647;
			files = (
			);
			runOnlyForDeploymentPostprocessing = 0;
		};
/* End PBXFrameworksBuildPhase section */

/* Begin PBXGroup section */
		E631F7FE2A98E25C00E4E375 /* Frameworks */ = {
			isa = PBXGroup;
			children = (
				E631F7FF2A98E25C00E4E375 /* SwiftData.framework */,
			);
			name = Frameworks;
			sourceTree = "<group>";
		};
		E6AD9CE72A7AB0060017FBD8 = {
			isa = PBXGroup;
			children = (
				E6AD9CF22A7AB0060017FBD8 /* CatTips */,
				E6AD9D042A7AB0070017FBD8 /* CatTipsTests */,
				E6AD9D0E2A7AB0070017FBD8 /* CatTipsUITests */,
				E6AD9CF12A7AB0060017FBD8 /* Products */,
				E631F7FE2A98E25C00E4E375 /* Frameworks */,
			);
			sourceTree = "<group>";
		};
		E6AD9CF12A7AB0060017FBD8 /* Products */ = {
			isa = PBXGroup;
			children = (
				E6AD9CF02A7AB0060017FBD8 /* CatTips.app */,
				E6AD9D012A7AB0070017FBD8 /* CatTipsTests.xctest */,
				E6AD9D0B2A7AB0070017FBD8 /* CatTipsUITests.xctest */,
			);
			name = Products;
			sourceTree = "<group>";
		};
		E6AD9CF22A7AB0060017FBD8 /* CatTips */ = {
			isa = PBXGroup;
			children = (
				E6AD9D1E2A7ABBF00017FBD8 /* External Interfaces */,
				E6AD9D1F2A7ABC010017FBD8 /* Presentation */,
				E6AD9D202A7ABC650017FBD8 /* Use Cases */,
				E6AD9CF32A7AB0060017FBD8 /* CatTipsApp.swift */,
				E6AD9CF72A7AB0070017FBD8 /* Assets.xcassets */,
				E6AD9CF92A7AB0070017FBD8 /* CatTips.entitlements */,
				E6AD9CFA2A7AB0070017FBD8 /* Preview Content */,
			);
			path = CatTips;
			sourceTree = "<group>";
		};
		E6AD9CFA2A7AB0070017FBD8 /* Preview Content */ = {
			isa = PBXGroup;
			children = (
				E6AD9CFB2A7AB0070017FBD8 /* Preview Assets.xcassets */,
			);
			path = "Preview Content";
			sourceTree = "<group>";
		};
		E6AD9D042A7AB0070017FBD8 /* CatTipsTests */ = {
			isa = PBXGroup;
			children = (
				E6AD9D052A7AB0070017FBD8 /* CatTipsTests.swift */,
			);
			path = CatTipsTests;
			sourceTree = "<group>";
		};
		E6AD9D0E2A7AB0070017FBD8 /* CatTipsUITests */ = {
			isa = PBXGroup;
			children = (
				E6AD9D0F2A7AB0070017FBD8 /* CatTipsUITests.swift */,
				E6AD9D112A7AB0070017FBD8 /* CatTipsUITestsLaunchTests.swift */,
			);
			path = CatTipsUITests;
			sourceTree = "<group>";
		};
		E6AD9D1E2A7ABBF00017FBD8 /* External Interfaces */ = {
			isa = PBXGroup;
			children = (
				E6AD9D252A7ABD780017FBD8 /* DataConnector.swift */,
			);
			path = "External Interfaces";
			sourceTree = "<group>";
		};
		E6AD9D1F2A7ABC010017FBD8 /* Presentation */ = {
			isa = PBXGroup;
			children = (
				E6AD9D212A7ABC990017FBD8 /* Models */,
				E6AD9D222A7ABCA40017FBD8 /* Controllers */,
				E6AD9D232A7ABCBC0017FBD8 /* ViewModels */,
				E6AD9D242A7ABCDD0017FBD8 /* Views */,
			);
			path = Presentation;
			sourceTree = "<group>";
		};
		E6AD9D202A7ABC650017FBD8 /* Use Cases */ = {
			isa = PBXGroup;
			children = (
				E6AD9D292A7ABF040017FBD8 /* GetNewTip_Interactor.swift */,
			);
			path = "Use Cases";
			sourceTree = "<group>";
		};
		E6AD9D212A7ABC990017FBD8 /* Models */ = {
			isa = PBXGroup;
			children = (
				E6AD9D272A7ABE080017FBD8 /* CatsTip_Model.swift */,
				E672A3A22AB4B1A300F106F3 /* Folder_Model.swift */,
			);
			path = Models;
			sourceTree = "<group>";
		};
		E6AD9D222A7ABCA40017FBD8 /* Controllers */ = {
			isa = PBXGroup;
			children = (
				E6AD9D2D2A7AC3EA0017FBD8 /* CatsTip_Controller.swift */,
			);
			path = Controllers;
			sourceTree = "<group>";
		};
		E6AD9D232A7ABCBC0017FBD8 /* ViewModels */ = {
			isa = PBXGroup;
			children = (
				E6AD9D2B2A7AC03E0017FBD8 /* CatsTip_ViewModel.swift */,
			);
			path = ViewModels;
			sourceTree = "<group>";
		};
		E6AD9D242A7ABCDD0017FBD8 /* Views */ = {
			isa = PBXGroup;
			children = (
				E6AD9CF52A7AB0060017FBD8 /* MainView.swift */,
				E6AD9D2F2A7AFB800017FBD8 /* CatsTip_View.swift */,
				E6D1949D2A7C184A005A629E /* CatsTipsFavorites_View.swift */,
				E6DCF2BF2A98F25000BEA499 /* FavoriteCatsTip_View.swift */,
				E672A3A62AB4C09200F106F3 /* FolderDetail_View.swift */,
			);
			path = Views;
			sourceTree = "<group>";
		};
/* End PBXGroup section */

/* Begin PBXNativeTarget section */
		E6AD9CEF2A7AB0060017FBD8 /* CatTips */ = {
			isa = PBXNativeTarget;
			buildConfigurationList = E6AD9D152A7AB0070017FBD8 /* Build configuration list for PBXNativeTarget "CatTips" */;
			buildPhases = (
				E6AD9CEC2A7AB0060017FBD8 /* Sources */,
				E6AD9CED2A7AB0060017FBD8 /* Frameworks */,
				E6AD9CEE2A7AB0060017FBD8 /* Resources */,
			);
			buildRules = (
			);
			dependencies = (
			);
			name = CatTips;
			packageProductDependencies = (
				E62F905A2A7D757200E53638 /* MyFirstMacro */,
				E62F905D2A7D766C00E53638 /* MyFirstMacro */,
			);
			productName = CatTips;
			productReference = E6AD9CF02A7AB0060017FBD8 /* CatTips.app */;
			productType = "com.apple.product-type.application";
		};
		E6AD9D002A7AB0070017FBD8 /* CatTipsTests */ = {
			isa = PBXNativeTarget;
			buildConfigurationList = E6AD9D182A7AB0070017FBD8 /* Build configuration list for PBXNativeTarget "CatTipsTests" */;
			buildPhases = (
				E6AD9CFD2A7AB0070017FBD8 /* Sources */,
				E6AD9CFE2A7AB0070017FBD8 /* Frameworks */,
				E6AD9CFF2A7AB0070017FBD8 /* Resources */,
			);
			buildRules = (
			);
			dependencies = (
				E6AD9D032A7AB0070017FBD8 /* PBXTargetDependency */,
			);
			name = CatTipsTests;
			productName = CatTipsTests;
			productReference = E6AD9D012A7AB0070017FBD8 /* CatTipsTests.xctest */;
			productType = "com.apple.product-type.bundle.unit-test";
		};
		E6AD9D0A2A7AB0070017FBD8 /* CatTipsUITests */ = {
			isa = PBXNativeTarget;
			buildConfigurationList = E6AD9D1B2A7AB0070017FBD8 /* Build configuration list for PBXNativeTarget "CatTipsUITests" */;
			buildPhases = (
				E6AD9D072A7AB0070017FBD8 /* Sources */,
				E6AD9D082A7AB0070017FBD8 /* Frameworks */,
				E6AD9D092A7AB0070017FBD8 /* Resources */,
			);
			buildRules = (
			);
			dependencies = (
				E6AD9D0D2A7AB0070017FBD8 /* PBXTargetDependency */,
			);
			name = CatTipsUITests;
			productName = CatTipsUITests;
			productReference = E6AD9D0B2A7AB0070017FBD8 /* CatTipsUITests.xctest */;
			productType = "com.apple.product-type.bundle.ui-testing";
		};
/* End PBXNativeTarget section */

/* Begin PBXProject section */
		E6AD9CE82A7AB0060017FBD8 /* Project object */ = {
			isa = PBXProject;
			attributes = {
				BuildIndependentTargetsInParallel = 1;
				LastSwiftUpdateCheck = 1430;
				LastUpgradeCheck = 1430;
				TargetAttributes = {
					E6AD9CEF2A7AB0060017FBD8 = {
						CreatedOnToolsVersion = 14.3.1;
					};
					E6AD9D002A7AB0070017FBD8 = {
						CreatedOnToolsVersion = 14.3.1;
						TestTargetID = E6AD9CEF2A7AB0060017FBD8;
					};
					E6AD9D0A2A7AB0070017FBD8 = {
						CreatedOnToolsVersion = 14.3.1;
						TestTargetID = E6AD9CEF2A7AB0060017FBD8;
					};
				};
			};
			buildConfigurationList = E6AD9CEB2A7AB0060017FBD8 /* Build configuration list for PBXProject "CatTips" */;
			compatibilityVersion = "Xcode 14.0";
			developmentRegion = en;
			hasScannedForEncodings = 0;
			knownRegions = (
				en,
				Base,
			);
			mainGroup = E6AD9CE72A7AB0060017FBD8;
			packageReferences = (
				E62F90592A7D757200E53638 /* XCLocalSwiftPackageReference "../MyFirstMacro" */,
				E62F905C2A7D766C00E53638 /* XCLocalSwiftPackageReference "../MyFirstMacro" */,
			);
			productRefGroup = E6AD9CF12A7AB0060017FBD8 /* Products */;
			projectDirPath = "";
			projectRoot = "";
			targets = (
				E6AD9CEF2A7AB0060017FBD8 /* CatTips */,
				E6AD9D002A7AB0070017FBD8 /* CatTipsTests */,
				E6AD9D0A2A7AB0070017FBD8 /* CatTipsUITests */,
			);
		};
/* End PBXProject section */

/* Begin PBXResourcesBuildPhase section */
		E6AD9CEE2A7AB0060017FBD8 /* Resources */ = {
			isa = PBXResourcesBuildPhase;
			buildActionMask = 2147483647;
			files = (
				E6AD9CFC2A7AB0070017FBD8 /* Preview Assets.xcassets in Resources */,
				E6AD9CF82A7AB0070017FBD8 /* Assets.xcassets in Resources */,
			);
			runOnlyForDeploymentPostprocessing = 0;
		};
		E6AD9CFF2A7AB0070017FBD8 /* Resources */ = {
			isa = PBXResourcesBuildPhase;
			buildActionMask = 2147483647;
			files = (
			);
			runOnlyForDeploymentPostprocessing = 0;
		};
		E6AD9D092A7AB0070017FBD8 /* Resources */ = {
			isa = PBXResourcesBuildPhase;
			buildActionMask = 2147483647;
			files = (
			);
			runOnlyForDeploymentPostprocessing = 0;
		};
/* End PBXResourcesBuildPhase section */

/* Begin PBXSourcesBuildPhase section */
		E6AD9CEC2A7AB0060017FBD8 /* Sources */ = {
			isa = PBXSourcesBuildPhase;
			buildActionMask = 2147483647;
			files = (
				E6AD9CF62A7AB0060017FBD8 /* MainView.swift in Sources */,
				E6DCF2C02A98F25000BEA499 /* FavoriteCatsTip_View.swift in Sources */,
				E6AD9D262A7ABD780017FBD8 /* DataConnector.swift in Sources */,
				E6AD9D282A7ABE080017FBD8 /* CatsTip_Model.swift in Sources */,
				E6AD9CF42A7AB0060017FBD8 /* CatTipsApp.swift in Sources */,
				E6AD9D2E2A7AC3EA0017FBD8 /* CatsTip_Controller.swift in Sources */,
				E6AD9D2A2A7ABF040017FBD8 /* GetNewTip_Interactor.swift in Sources */,
				E6D1949E2A7C184A005A629E /* CatsTipsFavorites_View.swift in Sources */,
				E672A3A32AB4B1A300F106F3 /* Folder_Model.swift in Sources */,
				E672A3A72AB4C09200F106F3 /* FolderDetail_View.swift in Sources */,
				E6AD9D2C2A7AC03E0017FBD8 /* CatsTip_ViewModel.swift in Sources */,
				E6AD9D302A7AFB800017FBD8 /* CatsTip_View.swift in Sources */,
			);
			runOnlyForDeploymentPostprocessing = 0;
		};
		E6AD9CFD2A7AB0070017FBD8 /* Sources */ = {
			isa = PBXSourcesBuildPhase;
			buildActionMask = 2147483647;
			files = (
				E6AD9D062A7AB0070017FBD8 /* CatTipsTests.swift in Sources */,
			);
			runOnlyForDeploymentPostprocessing = 0;
		};
		E6AD9D072A7AB0070017FBD8 /* Sources */ = {
			isa = PBXSourcesBuildPhase;
			buildActionMask = 2147483647;
			files = (
				E6AD9D102A7AB0070017FBD8 /* CatTipsUITests.swift in Sources */,
				E6AD9D122A7AB0070017FBD8 /* CatTipsUITestsLaunchTests.swift in Sources */,
			);
			runOnlyForDeploymentPostprocessing = 0;
		};
/* End PBXSourcesBuildPhase section */

/* Begin PBXTargetDependency section */
		E6AD9D032A7AB0070017FBD8 /* PBXTargetDependency */ = {
			isa = PBXTargetDependency;
			target = E6AD9CEF2A7AB0060017FBD8 /* CatTips */;
			targetProxy = E6AD9D022A7AB0070017FBD8 /* PBXContainerItemProxy */;
		};
		E6AD9D0D2A7AB0070017FBD8 /* PBXTargetDependency */ = {
			isa = PBXTargetDependency;
			target = E6AD9CEF2A7AB0060017FBD8 /* CatTips */;
			targetProxy = E6AD9D0C2A7AB0070017FBD8 /* PBXContainerItemProxy */;
		};
/* End PBXTargetDependency section */

/* Begin XCBuildConfiguration section */
		E6AD9D132A7AB0070017FBD8 /* Debug */ = {
			isa = XCBuildConfiguration;
			buildSettings = {
				ALWAYS_SEARCH_USER_PATHS = NO;
				CLANG_ANALYZER_NONNULL = YES;
				CLANG_ANALYZER_NUMBER_OBJECT_CONVERSION = YES_AGGRESSIVE;
				CLANG_CXX_LANGUAGE_STANDARD = "gnu++20";
				CLANG_ENABLE_MODULES = YES;
				CLANG_ENABLE_OBJC_ARC = YES;
				CLANG_ENABLE_OBJC_WEAK = YES;
				CLANG_WARN_BLOCK_CAPTURE_AUTORELEASING = YES;
				CLANG_WARN_BOOL_CONVERSION = YES;
				CLANG_WARN_COMMA = YES;
				CLANG_WARN_CONSTANT_CONVERSION = YES;
				CLANG_WARN_DEPRECATED_OBJC_IMPLEMENTATIONS = YES;
				CLANG_WARN_DIRECT_OBJC_ISA_USAGE = YES_ERROR;
				CLANG_WARN_DOCUMENTATION_COMMENTS = YES;
				CLANG_WARN_EMPTY_BODY = YES;
				CLANG_WARN_ENUM_CONVERSION = YES;
				CLANG_WARN_INFINITE_RECURSION = YES;
				CLANG_WARN_INT_CONVERSION = YES;
				CLANG_WARN_NON_LITERAL_NULL_CONVERSION = YES;
				CLANG_WARN_OBJC_IMPLICIT_RETAIN_SELF = YES;
				CLANG_WARN_OBJC_LITERAL_CONVERSION = YES;
				CLANG_WARN_OBJC_ROOT_CLASS = YES_ERROR;
				CLANG_WARN_QUOTED_INCLUDE_IN_FRAMEWORK_HEADER = YES;
				CLANG_WARN_RANGE_LOOP_ANALYSIS = YES;
				CLANG_WARN_STRICT_PROTOTYPES = YES;
				CLANG_WARN_SUSPICIOUS_MOVE = YES;
				CLANG_WARN_UNGUARDED_AVAILABILITY = YES_AGGRESSIVE;
				CLANG_WARN_UNREACHABLE_CODE = YES;
				CLANG_WARN__DUPLICATE_METHOD_MATCH = YES;
				COPY_PHASE_STRIP = NO;
				DEBUG_INFORMATION_FORMAT = dwarf;
				ENABLE_STRICT_OBJC_MSGSEND = YES;
				ENABLE_TESTABILITY = YES;
				GCC_C_LANGUAGE_STANDARD = gnu11;
				GCC_DYNAMIC_NO_PIC = NO;
				GCC_NO_COMMON_BLOCKS = YES;
				GCC_OPTIMIZATION_LEVEL = 0;
				GCC_PREPROCESSOR_DEFINITIONS = (
					"DEBUG=1",
					"$(inherited)",
				);
				GCC_WARN_64_TO_32_BIT_CONVERSION = YES;
				GCC_WARN_ABOUT_RETURN_TYPE = YES_ERROR;
				GCC_WARN_UNDECLARED_SELECTOR = YES;
				GCC_WARN_UNINITIALIZED_AUTOS = YES_AGGRESSIVE;
				GCC_WARN_UNUSED_FUNCTION = YES;
				GCC_WARN_UNUSED_VARIABLE = YES;
				MTL_ENABLE_DEBUG_INFO = INCLUDE_SOURCE;
				MTL_FAST_MATH = YES;
				ONLY_ACTIVE_ARCH = YES;
				SWIFT_ACTIVE_COMPILATION_CONDITIONS = DEBUG;
				SWIFT_OPTIMIZATION_LEVEL = "-Onone";
			};
			name = Debug;
		};
		E6AD9D142A7AB0070017FBD8 /* Release */ = {
			isa = XCBuildConfiguration;
			buildSettings = {
				ALWAYS_SEARCH_USER_PATHS = NO;
				CLANG_ANALYZER_NONNULL = YES;
				CLANG_ANALYZER_NUMBER_OBJECT_CONVERSION = YES_AGGRESSIVE;
				CLANG_CXX_LANGUAGE_STANDARD = "gnu++20";
				CLANG_ENABLE_MODULES = YES;
				CLANG_ENABLE_OBJC_ARC = YES;
				CLANG_ENABLE_OBJC_WEAK = YES;
				CLANG_WARN_BLOCK_CAPTURE_AUTORELEASING = YES;
				CLANG_WARN_BOOL_CONVERSION = YES;
				CLANG_WARN_COMMA = YES;
				CLANG_WARN_CONSTANT_CONVERSION = YES;
				CLANG_WARN_DEPRECATED_OBJC_IMPLEMENTATIONS = YES;
				CLANG_WARN_DIRECT_OBJC_ISA_USAGE = YES_ERROR;
				CLANG_WARN_DOCUMENTATION_COMMENTS = YES;
				CLANG_WARN_EMPTY_BODY = YES;
				CLANG_WARN_ENUM_CONVERSION = YES;
				CLANG_WARN_INFINITE_RECURSION = YES;
				CLANG_WARN_INT_CONVERSION = YES;
				CLANG_WARN_NON_LITERAL_NULL_CONVERSION = YES;
				CLANG_WARN_OBJC_IMPLICIT_RETAIN_SELF = YES;
				CLANG_WARN_OBJC_LITERAL_CONVERSION = YES;
				CLANG_WARN_OBJC_ROOT_CLASS = YES_ERROR;
				CLANG_WARN_QUOTED_INCLUDE_IN_FRAMEWORK_HEADER = YES;
				CLANG_WARN_RANGE_LOOP_ANALYSIS = YES;
				CLANG_WARN_STRICT_PROTOTYPES = YES;
				CLANG_WARN_SUSPICIOUS_MOVE = YES;
				CLANG_WARN_UNGUARDED_AVAILABILITY = YES_AGGRESSIVE;
				CLANG_WARN_UNREACHABLE_CODE = YES;
				CLANG_WARN__DUPLICATE_METHOD_MATCH = YES;
				COPY_PHASE_STRIP = NO;
				DEBUG_INFORMATION_FORMAT = "dwarf-with-dsym";
				ENABLE_NS_ASSERTIONS = NO;
				ENABLE_STRICT_OBJC_MSGSEND = YES;
				GCC_C_LANGUAGE_STANDARD = gnu11;
				GCC_NO_COMMON_BLOCKS = YES;
				GCC_WARN_64_TO_32_BIT_CONVERSION = YES;
				GCC_WARN_ABOUT_RETURN_TYPE = YES_ERROR;
				GCC_WARN_UNDECLARED_SELECTOR = YES;
				GCC_WARN_UNINITIALIZED_AUTOS = YES_AGGRESSIVE;
				GCC_WARN_UNUSED_FUNCTION = YES;
				GCC_WARN_UNUSED_VARIABLE = YES;
				MTL_ENABLE_DEBUG_INFO = NO;
				MTL_FAST_MATH = YES;
				SWIFT_COMPILATION_MODE = wholemodule;
				SWIFT_OPTIMIZATION_LEVEL = "-O";
			};
			name = Release;
		};
		E6AD9D162A7AB0070017FBD8 /* Debug */ = {
			isa = XCBuildConfiguration;
			buildSettings = {
				ASSETCATALOG_COMPILER_APPICON_NAME = AppIcon;
				ASSETCATALOG_COMPILER_GLOBAL_ACCENT_COLOR_NAME = AccentColor;
				CODE_SIGN_ENTITLEMENTS = CatTips/CatTips.entitlements;
				CODE_SIGN_STYLE = Automatic;
				CURRENT_PROJECT_VERSION = 1;
				DEVELOPMENT_ASSET_PATHS = "\"CatTips/Preview Content\"";
				DEVELOPMENT_TEAM = ZYPVSX598R;
				ENABLE_HARDENED_RUNTIME = YES;
				ENABLE_PREVIEWS = YES;
				GENERATE_INFOPLIST_FILE = YES;
				"INFOPLIST_KEY_UIApplicationSceneManifest_Generation[sdk=iphoneos*]" = YES;
				"INFOPLIST_KEY_UIApplicationSceneManifest_Generation[sdk=iphonesimulator*]" = YES;
				"INFOPLIST_KEY_UIApplicationSupportsIndirectInputEvents[sdk=iphoneos*]" = YES;
				"INFOPLIST_KEY_UIApplicationSupportsIndirectInputEvents[sdk=iphonesimulator*]" = YES;
				"INFOPLIST_KEY_UILaunchScreen_Generation[sdk=iphoneos*]" = YES;
				"INFOPLIST_KEY_UILaunchScreen_Generation[sdk=iphonesimulator*]" = YES;
				"INFOPLIST_KEY_UIStatusBarStyle[sdk=iphoneos*]" = UIStatusBarStyleDefault;
				"INFOPLIST_KEY_UIStatusBarStyle[sdk=iphonesimulator*]" = UIStatusBarStyleDefault;
				INFOPLIST_KEY_UISupportedInterfaceOrientations_iPad = "UIInterfaceOrientationPortrait UIInterfaceOrientationPortraitUpsideDown UIInterfaceOrientationLandscapeLeft UIInterfaceOrientationLandscapeRight";
				INFOPLIST_KEY_UISupportedInterfaceOrientations_iPhone = "UIInterfaceOrientationPortrait UIInterfaceOrientationLandscapeLeft UIInterfaceOrientationLandscapeRight";
				IPHONEOS_DEPLOYMENT_TARGET = 17.0;
				LD_RUNPATH_SEARCH_PATHS = "@executable_path/Frameworks";
				"LD_RUNPATH_SEARCH_PATHS[sdk=macosx*]" = "@executable_path/../Frameworks";
				MACOSX_DEPLOYMENT_TARGET = 14.0;
				MARKETING_VERSION = 1.0;
				PRODUCT_BUNDLE_IDENTIFIER = fr.consulting.myjobly.CatTips;
				PRODUCT_NAME = "$(TARGET_NAME)";
				SDKROOT = auto;
				SUPPORTED_PLATFORMS = "iphoneos iphonesimulator macosx";
				SWIFT_EMIT_LOC_STRINGS = YES;
				SWIFT_VERSION = 5.0;
				TARGETED_DEVICE_FAMILY = "1,2";
			};
			name = Debug;
		};
		E6AD9D172A7AB0070017FBD8 /* Release */ = {
			isa = XCBuildConfiguration;
			buildSettings = {
				ASSETCATALOG_COMPILER_APPICON_NAME = AppIcon;
				ASSETCATALOG_COMPILER_GLOBAL_ACCENT_COLOR_NAME = AccentColor;
				CODE_SIGN_ENTITLEMENTS = CatTips/CatTips.entitlements;
				CODE_SIGN_STYLE = Automatic;
				CURRENT_PROJECT_VERSION = 1;
				DEVELOPMENT_ASSET_PATHS = "\"CatTips/Preview Content\"";
				DEVELOPMENT_TEAM = ZYPVSX598R;
				ENABLE_HARDENED_RUNTIME = YES;
				ENABLE_PREVIEWS = YES;
				GENERATE_INFOPLIST_FILE = YES;
				"INFOPLIST_KEY_UIApplicationSceneManifest_Generation[sdk=iphoneos*]" = YES;
				"INFOPLIST_KEY_UIApplicationSceneManifest_Generation[sdk=iphonesimulator*]" = YES;
				"INFOPLIST_KEY_UIApplicationSupportsIndirectInputEvents[sdk=iphoneos*]" = YES;
				"INFOPLIST_KEY_UIApplicationSupportsIndirectInputEvents[sdk=iphonesimulator*]" = YES;
				"INFOPLIST_KEY_UILaunchScreen_Generation[sdk=iphoneos*]" = YES;
				"INFOPLIST_KEY_UILaunchScreen_Generation[sdk=iphonesimulator*]" = YES;
				"INFOPLIST_KEY_UIStatusBarStyle[sdk=iphoneos*]" = UIStatusBarStyleDefault;
				"INFOPLIST_KEY_UIStatusBarStyle[sdk=iphonesimulator*]" = UIStatusBarStyleDefault;
				INFOPLIST_KEY_UISupportedInterfaceOrientations_iPad = "UIInterfaceOrientationPortrait UIInterfaceOrientationPortraitUpsideDown UIInterfaceOrientationLandscapeLeft UIInterfaceOrientationLandscapeRight";
				INFOPLIST_KEY_UISupportedInterfaceOrientations_iPhone = "UIInterfaceOrientationPortrait UIInterfaceOrientationLandscapeLeft UIInterfaceOrientationLandscapeRight";
				IPHONEOS_DEPLOYMENT_TARGET = 17.0;
				LD_RUNPATH_SEARCH_PATHS = "@executable_path/Frameworks";
				"LD_RUNPATH_SEARCH_PATHS[sdk=macosx*]" = "@executable_path/../Frameworks";
				MACOSX_DEPLOYMENT_TARGET = 14.0;
				MARKETING_VERSION = 1.0;
				PRODUCT_BUNDLE_IDENTIFIER = fr.consulting.myjobly.CatTips;
				PRODUCT_NAME = "$(TARGET_NAME)";
				SDKROOT = auto;
				SUPPORTED_PLATFORMS = "iphoneos iphonesimulator macosx";
				SWIFT_EMIT_LOC_STRINGS = YES;
				SWIFT_VERSION = 5.0;
				TARGETED_DEVICE_FAMILY = "1,2";
			};
			name = Release;
		};
		E6AD9D192A7AB0070017FBD8 /* Debug */ = {
			isa = XCBuildConfiguration;
			buildSettings = {
				ALWAYS_EMBED_SWIFT_STANDARD_LIBRARIES = YES;
				BUNDLE_LOADER = "$(TEST_HOST)";
				CODE_SIGN_STYLE = Automatic;
				CURRENT_PROJECT_VERSION = 1;
				DEVELOPMENT_TEAM = ZYPVSX598R;
				GENERATE_INFOPLIST_FILE = YES;
				IPHONEOS_DEPLOYMENT_TARGET = 16.4;
				MACOSX_DEPLOYMENT_TARGET = 13.3;
				MARKETING_VERSION = 1.0;
				PRODUCT_BUNDLE_IDENTIFIER = fr.consulting.myjobly.CatTipsTests;
				PRODUCT_NAME = "$(TARGET_NAME)";
				SDKROOT = auto;
				SUPPORTED_PLATFORMS = "iphoneos iphonesimulator macosx";
				SWIFT_EMIT_LOC_STRINGS = NO;
				SWIFT_VERSION = 5.0;
				TARGETED_DEVICE_FAMILY = "1,2";
				TEST_HOST = "$(BUILT_PRODUCTS_DIR)/CatTips.app/$(BUNDLE_EXECUTABLE_FOLDER_PATH)/CatTips";
			};
			name = Debug;
		};
		E6AD9D1A2A7AB0070017FBD8 /* Release */ = {
			isa = XCBuildConfiguration;
			buildSettings = {
				ALWAYS_EMBED_SWIFT_STANDARD_LIBRARIES = YES;
				BUNDLE_LOADER = "$(TEST_HOST)";
				CODE_SIGN_STYLE = Automatic;
				CURRENT_PROJECT_VERSION = 1;
				DEVELOPMENT_TEAM = ZYPVSX598R;
				GENERATE_INFOPLIST_FILE = YES;
				IPHONEOS_DEPLOYMENT_TARGET = 16.4;
				MACOSX_DEPLOYMENT_TARGET = 13.3;
				MARKETING_VERSION = 1.0;
				PRODUCT_BUNDLE_IDENTIFIER = fr.consulting.myjobly.CatTipsTests;
				PRODUCT_NAME = "$(TARGET_NAME)";
				SDKROOT = auto;
				SUPPORTED_PLATFORMS = "iphoneos iphonesimulator macosx";
				SWIFT_EMIT_LOC_STRINGS = NO;
				SWIFT_VERSION = 5.0;
				TARGETED_DEVICE_FAMILY = "1,2";
				TEST_HOST = "$(BUILT_PRODUCTS_DIR)/CatTips.app/$(BUNDLE_EXECUTABLE_FOLDER_PATH)/CatTips";
			};
			name = Release;
		};
		E6AD9D1C2A7AB0070017FBD8 /* Debug */ = {
			isa = XCBuildConfiguration;
			buildSettings = {
				ALWAYS_EMBED_SWIFT_STANDARD_LIBRARIES = YES;
				CODE_SIGN_STYLE = Automatic;
				CURRENT_PROJECT_VERSION = 1;
				DEVELOPMENT_TEAM = ZYPVSX598R;
				GENERATE_INFOPLIST_FILE = YES;
				IPHONEOS_DEPLOYMENT_TARGET = 16.4;
				MACOSX_DEPLOYMENT_TARGET = 13.3;
				MARKETING_VERSION = 1.0;
				PRODUCT_BUNDLE_IDENTIFIER = fr.consulting.myjobly.CatTipsUITests;
				PRODUCT_NAME = "$(TARGET_NAME)";
				SDKROOT = auto;
				SUPPORTED_PLATFORMS = "iphoneos iphonesimulator macosx";
				SWIFT_EMIT_LOC_STRINGS = NO;
				SWIFT_VERSION = 5.0;
				TARGETED_DEVICE_FAMILY = "1,2";
				TEST_TARGET_NAME = CatTips;
			};
			name = Debug;
		};
		E6AD9D1D2A7AB0070017FBD8 /* Release */ = {
			isa = XCBuildConfiguration;
			buildSettings = {
				ALWAYS_EMBED_SWIFT_STANDARD_LIBRARIES = YES;
				CODE_SIGN_STYLE = Automatic;
				CURRENT_PROJECT_VERSION = 1;
				DEVELOPMENT_TEAM = ZYPVSX598R;
				GENERATE_INFOPLIST_FILE = YES;
				IPHONEOS_DEPLOYMENT_TARGET = 16.4;
				MACOSX_DEPLOYMENT_TARGET = 13.3;
				MARKETING_VERSION = 1.0;
				PRODUCT_BUNDLE_IDENTIFIER = fr.consulting.myjobly.CatTipsUITests;
				PRODUCT_NAME = "$(TARGET_NAME)";
				SDKROOT = auto;
				SUPPORTED_PLATFORMS = "iphoneos iphonesimulator macosx";
				SWIFT_EMIT_LOC_STRINGS = NO;
				SWIFT_VERSION = 5.0;
				TARGETED_DEVICE_FAMILY = "1,2";
				TEST_TARGET_NAME = CatTips;
			};
			name = Release;
		};
/* End XCBuildConfiguration section */

/* Begin XCConfigurationList section */
		E6AD9CEB2A7AB0060017FBD8 /* Build configuration list for PBXProject "CatTips" */ = {
			isa = XCConfigurationList;
			buildConfigurations = (
				E6AD9D132A7AB0070017FBD8 /* Debug */,
				E6AD9D142A7AB0070017FBD8 /* Release */,
			);
			defaultConfigurationIsVisible = 0;
			defaultConfigurationName = Release;
		};
		E6AD9D152A7AB0070017FBD8 /* Build configuration list for PBXNativeTarget "CatTips" */ = {
			isa = XCConfigurationList;
			buildConfigurations = (
				E6AD9D162A7AB0070017FBD8 /* Debug */,
				E6AD9D172A7AB0070017FBD8 /* Release */,
			);
			defaultConfigurationIsVisible = 0;
			defaultConfigurationName = Release;
		};
		E6AD9D182A7AB0070017FBD8 /* Build configuration list for PBXNativeTarget "CatTipsTests" */ = {
			isa = XCConfigurationList;
			buildConfigurations = (
				E6AD9D192A7AB0070017FBD8 /* Debug */,
				E6AD9D1A2A7AB0070017FBD8 /* Release */,
			);
			defaultConfigurationIsVisible = 0;
			defaultConfigurationName = Release;
		};
		E6AD9D1B2A7AB0070017FBD8 /* Build configuration list for PBXNativeTarget "CatTipsUITests" */ = {
			isa = XCConfigurationList;
			buildConfigurations = (
				E6AD9D1C2A7AB0070017FBD8 /* Debug */,
				E6AD9D1D2A7AB0070017FBD8 /* Release */,
			);
			defaultConfigurationIsVisible = 0;
			defaultConfigurationName = Release;
		};
/* End XCConfigurationList section */

/* Begin XCLocalSwiftPackageReference section */
		E62F90592A7D757200E53638 /* XCLocalSwiftPackageReference "../MyFirstMacro" */ = {
			isa = XCLocalSwiftPackageReference;
			relativePath = ../MyFirstMacro;
		};
		E62F905C2A7D766C00E53638 /* XCLocalSwiftPackageReference "../MyFirstMacro" */ = {
			isa = XCLocalSwiftPackageReference;
			relativePath = ../MyFirstMacro;
		};
/* End XCLocalSwiftPackageReference section */

/* Begin XCSwiftPackageProductDependency section */
		E62F905A2A7D757200E53638 /* MyFirstMacro */ = {
			isa = XCSwiftPackageProductDependency;
			productName = MyFirstMacro;
		};
		E62F905D2A7D766C00E53638 /* MyFirstMacro */ = {
			isa = XCSwiftPackageProductDependency;
			productName = MyFirstMacro;
		};
/* End XCSwiftPackageProductDependency section */
	};
	rootObject = E6AD9CE82A7AB0060017FBD8 /* Project object */;
}
